// !$*UTF8*$!
{
	archiveVersion = 1;
	classes = {
	};
	objectVersion = 55;
	objects = {

/* Begin PBXBuildFile section */
		6D67DCFE279DE9610035D886 /* AppDelegate.swift in Sources */ = {isa = PBXBuildFile; fileRef = 6D67DCFD279DE9610035D886 /* AppDelegate.swift */; };
		6D67DD00279DE9610035D886 /* SceneDelegate.swift in Sources */ = {isa = PBXBuildFile; fileRef = 6D67DCFF279DE9610035D886 /* SceneDelegate.swift */; };
		6D67DD05279DE9610035D886 /* Main.storyboard in Resources */ = {isa = PBXBuildFile; fileRef = 6D67DD03279DE9610035D886 /* Main.storyboard */; };
		6D67DD07279DE9610035D886 /* Assets.xcassets in Resources */ = {isa = PBXBuildFile; fileRef = 6D67DD06279DE9610035D886 /* Assets.xcassets */; };
		6D67DD0A279DE9610035D886 /* LaunchScreen.storyboard in Resources */ = {isa = PBXBuildFile; fileRef = 6D67DD08279DE9610035D886 /* LaunchScreen.storyboard */; };
		6D67DD15279DED400035D886 /* SportsTeamsTableViewController.swift in Sources */ = {isa = PBXBuildFile; fileRef = 6D67DD14279DED400035D886 /* SportsTeamsTableViewController.swift */; };
		6D67DD19279DF0330035D886 /* SportsTeamsTableViewCell.swift in Sources */ = {isa = PBXBuildFile; fileRef = 6D67DD18279DF0330035D886 /* SportsTeamsTableViewCell.swift */; };
		6D67DD1D279DFDFB0035D886 /* SportsTeamsDetailViewController.swift in Sources */ = {isa = PBXBuildFile; fileRef = 6D67DD1C279DFDFB0035D886 /* SportsTeamsDetailViewController.swift */; };
		6D67DD1F279E00FC0035D886 /* SportsTeam.swift in Sources */ = {isa = PBXBuildFile; fileRef = 6D67DD1E279E00FC0035D886 /* SportsTeam.swift */; };
/* End PBXBuildFile section */

/* Begin PBXFileReference section */
		6D67DCFA279DE9610035D886 /* SportsTeams.app */ = {isa = PBXFileReference; explicitFileType = wrapper.application; includeInIndex = 0; path = SportsTeams.app; sourceTree = BUILT_PRODUCTS_DIR; };
		6D67DCFD279DE9610035D886 /* AppDelegate.swift */ = {isa = PBXFileReference; lastKnownFileType = sourcecode.swift; path = AppDelegate.swift; sourceTree = "<group>"; };
		6D67DCFF279DE9610035D886 /* SceneDelegate.swift */ = {isa = PBXFileReference; lastKnownFileType = sourcecode.swift; path = SceneDelegate.swift; sourceTree = "<group>"; };
		6D67DD04279DE9610035D886 /* Base */ = {isa = PBXFileReference; lastKnownFileType = file.storyboard; name = Base; path = Base.lproj/Main.storyboard; sourceTree = "<group>"; };
		6D67DD06279DE9610035D886 /* Assets.xcassets */ = {isa = PBXFileReference; lastKnownFileType = folder.assetcatalog; path = Assets.xcassets; sourceTree = "<group>"; };
		6D67DD09279DE9610035D886 /* Base */ = {isa = PBXFileReference; lastKnownFileType = file.storyboard; name = Base; path = Base.lproj/LaunchScreen.storyboard; sourceTree = "<group>"; };
		6D67DD0B279DE9610035D886 /* Info.plist */ = {isa = PBXFileReference; lastKnownFileType = text.plist.xml; path = Info.plist; sourceTree = "<group>"; };
		6D67DD14279DED400035D886 /* SportsTeamsTableViewController.swift */ = {isa = PBXFileReference; lastKnownFileType = sourcecode.swift; path = SportsTeamsTableViewController.swift; sourceTree = "<group>"; };
		6D67DD18279DF0330035D886 /* SportsTeamsTableViewCell.swift */ = {isa = PBXFileReference; lastKnownFileType = sourcecode.swift; path = SportsTeamsTableViewCell.swift; sourceTree = "<group>"; };
		6D67DD1C279DFDFB0035D886 /* SportsTeamsDetailViewController.swift */ = {isa = PBXFileReference; lastKnownFileType = sourcecode.swift; path = SportsTeamsDetailViewController.swift; sourceTree = "<group>"; };
		6D67DD1E279E00FC0035D886 /* SportsTeam.swift */ = {isa = PBXFileReference; lastKnownFileType = sourcecode.swift; path = SportsTeam.swift; sourceTree = "<group>"; };
/* End PBXFileReference section */

/* Begin PBXFrameworksBuildPhase section */
		6D67DCF7279DE9610035D886 /* Frameworks */ = {
			isa = PBXFrameworksBuildPhase;
			buildActionMask = 2147483647;
			files = (
			);
			runOnlyForDeploymentPostprocessing = 0;
		};
/* End PBXFrameworksBuildPhase section */

/* Begin PBXGroup section */
		6D67DCF1279DE9610035D886 = {
			isa = PBXGroup;
			children = (
				6D67DCFC279DE9610035D886 /* SportsTeams */,
				6D67DCFB279DE9610035D886 /* Products */,
			);
			sourceTree = "<group>";
		};
		6D67DCFB279DE9610035D886 /* Products */ = {
			isa = PBXGroup;
			children = (
				6D67DCFA279DE9610035D886 /* SportsTeams.app */,
			);
			name = Products;
			sourceTree = "<group>";
		};
		6D67DCFC279DE9610035D886 /* SportsTeams */ = {
			isa = PBXGroup;
			children = (
				6D67DD11279DEC070035D886 /* Resources */,
				6D67DD16279DED4C0035D886 /* Controllers */,
				6D67DD21279E01170035D886 /* StoryBoards */,
				6D67DD20279E01010035D886 /* Model */,
			);
			path = SportsTeams;
			sourceTree = "<group>";
		};
		6D67DD11279DEC070035D886 /* Resources */ = {
			isa = PBXGroup;
			children = (
				6D67DCFD279DE9610035D886 /* AppDelegate.swift */,
				6D67DCFF279DE9610035D886 /* SceneDelegate.swift */,
				6D67DD06279DE9610035D886 /* Assets.xcassets */,
				6D67DD0B279DE9610035D886 /* Info.plist */,
			);
			path = Resources;
			sourceTree = "<group>";
		};
		6D67DD16279DED4C0035D886 /* Controllers */ = {
			isa = PBXGroup;
			children = (
				6D67DD14279DED400035D886 /* SportsTeamsTableViewController.swift */,
				6D67DD1C279DFDFB0035D886 /* SportsTeamsDetailViewController.swift */,
				6D67DD17279DED600035D886 /* Custom Views */,
			);
			path = Controllers;
			sourceTree = "<group>";
		};
		6D67DD17279DED600035D886 /* Custom Views */ = {
			isa = PBXGroup;
			children = (
				6D67DD18279DF0330035D886 /* SportsTeamsTableViewCell.swift */,
			);
			path = "Custom Views";
			sourceTree = "<group>";
		};
		6D67DD20279E01010035D886 /* Model */ = {
			isa = PBXGroup;
			children = (
				6D67DD1E279E00FC0035D886 /* SportsTeam.swift */,
			);
			path = Model;
			sourceTree = "<group>";
		};
		6D67DD21279E01170035D886 /* StoryBoards */ = {
			isa = PBXGroup;
			children = (
				6D67DD08279DE9610035D886 /* LaunchScreen.storyboard */,
				6D67DD03279DE9610035D886 /* Main.storyboard */,
			);
			path = StoryBoards;
			sourceTree = "<group>";
		};
/* End PBXGroup section */

/* Begin PBXNativeTarget section */
		6D67DCF9279DE9610035D886 /* SportsTeams */ = {
			isa = PBXNativeTarget;
			buildConfigurationList = 6D67DD0E279DE9610035D886 /* Build configuration list for PBXNativeTarget "SportsTeams" */;
			buildPhases = (
				6D67DCF6279DE9610035D886 /* Sources */,
				6D67DCF7279DE9610035D886 /* Frameworks */,
				6D67DCF8279DE9610035D886 /* Resources */,
			);
			buildRules = (
			);
			dependencies = (
			);
			name = SportsTeams;
			productName = SportsTeams;
			productReference = 6D67DCFA279DE9610035D886 /* SportsTeams.app */;
			productType = "com.apple.product-type.application";
		};
/* End PBXNativeTarget section */

/* Begin PBXProject section */
		6D67DCF2279DE9610035D886 /* Project object */ = {
			isa = PBXProject;
			attributes = {
				BuildIndependentTargetsInParallel = 1;
				LastSwiftUpdateCheck = 1310;
				LastUpgradeCheck = 1310;
				TargetAttributes = {
					6D67DCF9279DE9610035D886 = {
						CreatedOnToolsVersion = 13.1;
					};
				};
			};
			buildConfigurationList = 6D67DCF5279DE9610035D886 /* Build configuration list for PBXProject "SportsTeams" */;
			compatibilityVersion = "Xcode 13.0";
			developmentRegion = en;
			hasScannedForEncodings = 0;
			knownRegions = (
				en,
				Base,
			);
			mainGroup = 6D67DCF1279DE9610035D886;
			productRefGroup = 6D67DCFB279DE9610035D886 /* Products */;
			projectDirPath = "";
			projectRoot = "";
			targets = (
				6D67DCF9279DE9610035D886 /* SportsTeams */,
			);
		};
/* End PBXProject section */

/* Begin PBXResourcesBuildPhase section */
		6D67DCF8279DE9610035D886 /* Resources */ = {
			isa = PBXResourcesBuildPhase;
			buildActionMask = 2147483647;
			files = (
				6D67DD0A279DE9610035D886 /* LaunchScreen.storyboard in Resources */,
				6D67DD07279DE9610035D886 /* Assets.xcassets in Resources */,
				6D67DD05279DE9610035D886 /* Main.storyboard in Resources */,
			);
			runOnlyForDeploymentPostprocessing = 0;
		};
/* End PBXResourcesBuildPhase section */

/* Begin PBXSourcesBuildPhase section */
		6D67DCF6279DE9610035D886 /* Sources */ = {
			isa = PBXSourcesBuildPhase;
			buildActionMask = 2147483647;
			files = (
				6D67DCFE279DE9610035D886 /* AppDelegate.swift in Sources */,
				6D67DD19279DF0330035D886 /* SportsTeamsTableViewCell.swift in Sources */,
				6D67DD00279DE9610035D886 /* SceneDelegate.swift in Sources */,
				6D67DD1F279E00FC0035D886 /* SportsTeam.swift in Sources */,
				6D67DD15279DED400035D886 /* SportsTeamsTableViewController.swift in Sources */,
				6D67DD1D279DFDFB0035D886 /* SportsTeamsDetailViewController.swift in Sources */,
			);
			runOnlyForDeploymentPostprocessing = 0;
		};
/* End PBXSourcesBuildPhase section */

/* Begin PBXVariantGroup section */
		6D67DD03279DE9610035D886 /* Main.storyboard */ = {
			isa = PBXVariantGroup;
			children = (
				6D67DD04279DE9610035D886 /* Base */,
			);
			name = Main.storyboard;
			sourceTree = "<group>";
		};
		6D67DD08279DE9610035D886 /* LaunchScreen.storyboard */ = {
			isa = PBXVariantGroup;
			children = (
				6D67DD09279DE9610035D886 /* Base */,
			);
			name = LaunchScreen.storyboard;
			sourceTree = "<group>";
		};
/* End PBXVariantGroup section */

/* Begin XCBuildConfiguration section */
		6D67DD0C279DE9610035D886 /* Debug */ = {
			isa = XCBuildConfiguration;
			buildSettings = {
				ALWAYS_SEARCH_USER_PATHS = NO;
				CLANG_ANALYZER_NONNULL = YES;
				CLANG_ANALYZER_NUMBER_OBJECT_CONVERSION = YES_AGGRESSIVE;
				CLANG_CXX_LANGUAGE_STANDARD = "gnu++17";
				CLANG_CXX_LIBRARY = "libc++";
				CLANG_ENABLE_MODULES = YES;
				CLANG_ENABLE_OBJC_ARC = YES;
				CLANG_ENABLE_OBJC_WEAK = YES;
				CLANG_WARN_BLOCK_CAPTURE_AUTORELEASING = YES;
				CLANG_WARN_BOOL_CONVERSION = YES;
				CLANG_WARN_COMMA = YES;
				CLANG_WARN_CONSTANT_CONVERSION = YES;
				CLANG_WARN_DEPRECATED_OBJC_IMPLEMENTATIONS = YES;
				CLANG_WARN_DIRECT_OBJC_ISA_USAGE = YES_ERROR;
				CLANG_WARN_DOCUMENTATION_COMMENTS = YES;
				CLANG_WARN_EMPTY_BODY = YES;
				CLANG_WARN_ENUM_CONVERSION = YES;
				CLANG_WARN_INFINITE_RECURSION = YES;
				CLANG_WARN_INT_CONVERSION = YES;
				CLANG_WARN_NON_LITERAL_NULL_CONVERSION = YES;
				CLANG_WARN_OBJC_IMPLICIT_RETAIN_SELF = YES;
				CLANG_WARN_OBJC_LITERAL_CONVERSION = YES;
				CLANG_WARN_OBJC_ROOT_CLASS = YES_ERROR;
				CLANG_WARN_QUOTED_INCLUDE_IN_FRAMEWORK_HEADER = YES;
				CLANG_WARN_RANGE_LOOP_ANALYSIS = YES;
				CLANG_WARN_STRICT_PROTOTYPES = YES;
				CLANG_WARN_SUSPICIOUS_MOVE = YES;
				CLANG_WARN_UNGUARDED_AVAILABILITY = YES_AGGRESSIVE;
				CLANG_WARN_UNREACHABLE_CODE = YES;
				CLANG_WARN__DUPLICATE_METHOD_MATCH = YES;
				COPY_PHASE_STRIP = NO;
				DEBUG_INFORMATION_FORMAT = dwarf;
				ENABLE_STRICT_OBJC_MSGSEND = YES;
				ENABLE_TESTABILITY = YES;
				GCC_C_LANGUAGE_STANDARD = gnu11;
				GCC_DYNAMIC_NO_PIC = NO;
				GCC_NO_COMMON_BLOCKS = YES;
				GCC_OPTIMIZATION_LEVEL = 0;
				GCC_PREPROCESSOR_DEFINITIONS = (
					"DEBUG=1",
					"$(inherited)",
				);
				GCC_WARN_64_TO_32_BIT_CONVERSION = YES;
				GCC_WARN_ABOUT_RETURN_TYPE = YES_ERROR;
				GCC_WARN_UNDECLARED_SELECTOR = YES;
				GCC_WARN_UNINITIALIZED_AUTOS = YES_AGGRESSIVE;
				GCC_WARN_UNUSED_FUNCTION = YES;
				GCC_WARN_UNUSED_VARIABLE = YES;
				IPHONEOS_DEPLOYMENT_TARGET = 15.0;
				MTL_ENABLE_DEBUG_INFO = INCLUDE_SOURCE;
				MTL_FAST_MATH = YES;
				ONLY_ACTIVE_ARCH = YES;
				SDKROOT = iphoneos;
				SWIFT_ACTIVE_COMPILATION_CONDITIONS = DEBUG;
				SWIFT_OPTIMIZATION_LEVEL = "-Onone";
			};
			name = Debug;
		};
		6D67DD0D279DE9610035D886 /* Release */ = {
			isa = XCBuildConfiguration;
			buildSettings = {
				ALWAYS_SEARCH_USER_PATHS = NO;
				CLANG_ANALYZER_NONNULL = YES;
				CLANG_ANALYZER_NUMBER_OBJECT_CONVERSION = YES_AGGRESSIVE;
				CLANG_CXX_LANGUAGE_STANDARD = "gnu++17";
				CLANG_CXX_LIBRARY = "libc++";
				CLANG_ENABLE_MODULES = YES;
				CLANG_ENABLE_OBJC_ARC = YES;
				CLANG_ENABLE_OBJC_WEAK = YES;
				CLANG_WARN_BLOCK_CAPTURE_AUTORELEASING = YES;
				CLANG_WARN_BOOL_CONVERSION = YES;
				CLANG_WARN_COMMA = YES;
				CLANG_WARN_CONSTANT_CONVERSION = YES;
				CLANG_WARN_DEPRECATED_OBJC_IMPLEMENTATIONS = YES;
				CLANG_WARN_DIRECT_OBJC_ISA_USAGE = YES_ERROR;
				CLANG_WARN_DOCUMENTATION_COMMENTS = YES;
				CLANG_WARN_EMPTY_BODY = YES;
				CLANG_WARN_ENUM_CONVERSION = YES;
				CLANG_WARN_INFINITE_RECURSION = YES;
				CLANG_WARN_INT_CONVERSION = YES;
				CLANG_WARN_NON_LITERAL_NULL_CONVERSION = YES;
				CLANG_WARN_OBJC_IMPLICIT_RETAIN_SELF = YES;
				CLANG_WARN_OBJC_LITERAL_CONVERSION = YES;
				CLANG_WARN_OBJC_ROOT_CLASS = YES_ERROR;
				CLANG_WARN_QUOTED_INCLUDE_IN_FRAMEWORK_HEADER = YES;
				CLANG_WARN_RANGE_LOOP_ANALYSIS = YES;
				CLANG_WARN_STRICT_PROTOTYPES = YES;
				CLANG_WARN_SUSPICIOUS_MOVE = YES;
				CLANG_WARN_UNGUARDED_AVAILABILITY = YES_AGGRESSIVE;
				CLANG_WARN_UNREACHABLE_CODE = YES;
				CLANG_WARN__DUPLICATE_METHOD_MATCH = YES;
				COPY_PHASE_STRIP = NO;
				DEBUG_INFORMATION_FORMAT = "dwarf-with-dsym";
				ENABLE_NS_ASSERTIONS = NO;
				ENABLE_STRICT_OBJC_MSGSEND = YES;
				GCC_C_LANGUAGE_STANDARD = gnu11;
				GCC_NO_COMMON_BLOCKS = YES;
				GCC_WARN_64_TO_32_BIT_CONVERSION = YES;
				GCC_WARN_ABOUT_RETURN_TYPE = YES_ERROR;
				GCC_WARN_UNDECLARED_SELECTOR = YES;
				GCC_WARN_UNINITIALIZED_AUTOS = YES_AGGRESSIVE;
				GCC_WARN_UNUSED_FUNCTION = YES;
				GCC_WARN_UNUSED_VARIABLE = YES;
				IPHONEOS_DEPLOYMENT_TARGET = 15.0;
				MTL_ENABLE_DEBUG_INFO = NO;
				MTL_FAST_MATH = YES;
				SDKROOT = iphoneos;
				SWIFT_COMPILATION_MODE = wholemodule;
				SWIFT_OPTIMIZATION_LEVEL = "-O";
				VALIDATE_PRODUCT = YES;
			};
			name = Release;
		};
		6D67DD0F279DE9610035D886 /* Debug */ = {
			isa = XCBuildConfiguration;
			buildSettings = {
				ASSETCATALOG_COMPILER_APPICON_NAME = AppIcon;
				ASSETCATALOG_COMPILER_GLOBAL_ACCENT_COLOR_NAME = AccentColor;
				CODE_SIGN_STYLE = Automatic;
				CURRENT_PROJECT_VERSION = 1;
				GENERATE_INFOPLIST_FILE = YES;
				INFOPLIST_FILE = SportsTeams/Resources/Info.plist;
				INFOPLIST_KEY_UIApplicationSupportsIndirectInputEvents = YES;
				INFOPLIST_KEY_UILaunchStoryboardName = LaunchScreen;
				INFOPLIST_KEY_UIMainStoryboardFile = Main;
				INFOPLIST_KEY_UISupportedInterfaceOrientations_iPad = "UIInterfaceOrientationPortrait UIInterfaceOrientationPortraitUpsideDown UIInterfaceOrientationLandscapeLeft UIInterfaceOrientationLandscapeRight";
				INFOPLIST_KEY_UISupportedInterfaceOrientations_iPhone = "UIInterfaceOrientationPortrait UIInterfaceOrientationLandscapeLeft UIInterfaceOrientationLandscapeRight";
				LD_RUNPATH_SEARCH_PATHS = (
					"$(inherited)",
					"@executable_path/Frameworks",
				);
				MARKETING_VERSION = 1.0;
				PRODUCT_BUNDLE_IDENTIFIER = com.stateful.SportsTeams;
				PRODUCT_NAME = "$(TARGET_NAME)";
				SWIFT_EMIT_LOC_STRINGS = YES;
				SWIFT_VERSION = 5.0;
				TARGETED_DEVICE_FAMILY = "1,2";
			};
			name = Debug;
		};
		6D67DD10279DE9610035D886 /* Release */ = {
			isa = XCBuildConfiguration;
			buildSettings = {
				ASSETCATALOG_COMPILER_APPICON_NAME = AppIcon;
				ASSETCATALOG_COMPILER_GLOBAL_ACCENT_COLOR_NAME = AccentColor;
				CODE_SIGN_STYLE = Automatic;
				CURRENT_PROJECT_VERSION = 1;
				GENERATE_INFOPLIST_FILE = YES;
				INFOPLIST_FILE = SportsTeams/Resources/Info.plist;
				INFOPLIST_KEY_UIApplicationSupportsIndirectInputEvents = YES;
				INFOPLIST_KEY_UILaunchStoryboardName = LaunchScreen;
				INFOPLIST_KEY_UIMainStoryboardFile = Main;
				INFOPLIST_KEY_UISupportedInterfaceOrientations_iPad = "UIInterfaceOrientationPortrait UIInterfaceOrientationPortraitUpsideDown UIInterfaceOrientationLandscapeLeft UIInterfaceOrientationLandscapeRight";
				INFOPLIST_KEY_UISupportedInterfaceOrientations_iPhone = "UIInterfaceOrientationPortrait UIInterfaceOrientationLandscapeLeft UIInterfaceOrientationLandscapeRight";
				LD_RUNPATH_SEARCH_PATHS = (
					"$(inherited)",
					"@executable_path/Frameworks",
				);
				MARKETING_VERSION = 1.0;
				PRODUCT_BUNDLE_IDENTIFIER = com.stateful.SportsTeams;
				PRODUCT_NAME = "$(TARGET_NAME)";
				SWIFT_EMIT_LOC_STRINGS = YES;
				SWIFT_VERSION = 5.0;
				TARGETED_DEVICE_FAMILY = "1,2";
			};
			name = Release;
		};
/* End XCBuildConfiguration section */

/* Begin XCConfigurationList section */
		6D67DCF5279DE9610035D886 /* Build configuration list for PBXProject "SportsTeams" */ = {
			isa = XCConfigurationList;
			buildConfigurations = (
				6D67DD0C279DE9610035D886 /* Debug */,
				6D67DD0D279DE9610035D886 /* Release */,
			);
			defaultConfigurationIsVisible = 0;
			defaultConfigurationName = Release;
		};
		6D67DD0E279DE9610035D886 /* Build configuration list for PBXNativeTarget "SportsTeams" */ = {
			isa = XCConfigurationList;
			buildConfigurations = (
				6D67DD0F279DE9610035D886 /* Debug */,
				6D67DD10279DE9610035D886 /* Release */,
			);
			defaultConfigurationIsVisible = 0;
			defaultConfigurationName = Release;
		};
/* End XCConfigurationList section */
	};
	rootObject = 6D67DCF2279DE9610035D886 /* Project object */;
}
